
Microsoft Visual Studio Solution File, Format Version 12.00
# Visual Studio Version 16
VisualStudioVersion = 16.0.30621.155
MinimumVisualStudioVersion = 10.0.40219.1
Project("{FAE04EC0-301F-11D3-BF4B-00C04F79EFBC}") = "WebAPI", "WebAPI\WebAPI.csproj", "{400D8048-2F13-4696-B8D1-8925247BA257}"
EndProject
Global
	GlobalSection(SolutionConfigurationPlatforms) = preSolution
		Debug|Any CPU = Debug|Any CPU
		Release|Any CPU = Release|Any CPU
	EndGlobalSection
	GlobalSection(ProjectConfigurationPlatforms) = postSolution
		{400D8048-2F13-4696-B8D1-8925247BA257}.Debug|Any CPU.ActiveCfg = Debug|Any CPU
		{400D8048-2F13-4696-B8D1-8925247BA257}.Debug|Any CPU.Build.0 = Debug|Any CPU
		{400D8048-2F13-4696-B8D1-8925247BA257}.Release|Any CPU.ActiveCfg = Release|Any CPU
		{400D8048-2F13-4696-B8D1-8925247BA257}.Release|Any CPU.Build.0 = Release|Any CPU
	EndGlobalSection
	GlobalSection(SolutionProperties) = preSolution
		HideSolutionNode = FALSE
	EndGlobalSection
	GlobalSection(ExtensibilityGlobals) = postSolution
		SolutionGuid = {C7F15D4C-6137-46C9-A985-25187239800C}
	EndGlobalSection
EndGlobal
